
Microsoft Visual Studio Solution File, Format Version 12.00
# Visual Studio Version 17
VisualStudioVersion = 17.11.35208.52
MinimumVisualStudioVersion = 10.0.40219.1
Project("{FAE04EC0-301F-11D3-BF4B-00C04F79EFBC}") = "OtoServisSatis.WebUI", "OtoServisSatis.WebUI\OtoServisSatis.WebUI.csproj", "{316EECE5-E4C4-4ADC-9ECF-5EDCAFACEC2B}"
EndProject
Project("{FAE04EC0-301F-11D3-BF4B-00C04F79EFBC}") = "OtoServisSatis.Entities", "OtoServisSatisçEntities\OtoServisSatis.Entities.csproj", "{2BC62803-41FF-4075-A14A-E68B953AC58C}"
EndProject
Project("{FAE04EC0-301F-11D3-BF4B-00C04F79EFBC}") = "OtoServisSatis.Data", "OtoServisSatis.Data\OtoServisSatis.Data.csproj", "{981D8F54-6A12-4861-8D7C-E2DD87A49A11}"
EndProject
Project("{FAE04EC0-301F-11D3-BF4B-00C04F79EFBC}") = "OtoServisSatis.Service", "OtoServisSatis.Service\OtoServisSatis.Service.csproj", "{80037319-060F-4D89-8CCE-492111E13502}"
EndProject
Global
	GlobalSection(SolutionConfigurationPlatforms) = preSolution
		Debug|Any CPU = Debug|Any CPU
		Release|Any CPU = Release|Any CPU
	EndGlobalSection
	GlobalSection(ProjectConfigurationPlatforms) = postSolution
		{316EECE5-E4C4-4ADC-9ECF-5EDCAFACEC2B}.Debug|Any CPU.ActiveCfg = Debug|Any CPU
		{316EECE5-E4C4-4ADC-9ECF-5EDCAFACEC2B}.Debug|Any CPU.Build.0 = Debug|Any CPU
		{316EECE5-E4C4-4ADC-9ECF-5EDCAFACEC2B}.Release|Any CPU.ActiveCfg = Release|Any CPU
		{316EECE5-E4C4-4ADC-9ECF-5EDCAFACEC2B}.Release|Any CPU.Build.0 = Release|Any CPU
		{2BC62803-41FF-4075-A14A-E68B953AC58C}.Debug|Any CPU.ActiveCfg = Debug|Any CPU
		{2BC62803-41FF-4075-A14A-E68B953AC58C}.Debug|Any CPU.Build.0 = Debug|Any CPU
		{2BC62803-41FF-4075-A14A-E68B953AC58C}.Release|Any CPU.ActiveCfg = Release|Any CPU
		{2BC62803-41FF-4075-A14A-E68B953AC58C}.Release|Any CPU.Build.0 = Release|Any CPU
		{981D8F54-6A12-4861-8D7C-E2DD87A49A11}.Debug|Any CPU.ActiveCfg = Debug|Any CPU
		{981D8F54-6A12-4861-8D7C-E2DD87A49A11}.Debug|Any CPU.Build.0 = Debug|Any CPU
		{981D8F54-6A12-4861-8D7C-E2DD87A49A11}.Release|Any CPU.ActiveCfg = Release|Any CPU
		{981D8F54-6A12-4861-8D7C-E2DD87A49A11}.Release|Any CPU.Build.0 = Release|Any CPU
		{80037319-060F-4D89-8CCE-492111E13502}.Debug|Any CPU.ActiveCfg = Debug|Any CPU
		{80037319-060F-4D89-8CCE-492111E13502}.Debug|Any CPU.Build.0 = Debug|Any CPU
		{80037319-060F-4D89-8CCE-492111E13502}.Release|Any CPU.ActiveCfg = Release|Any CPU
		{80037319-060F-4D89-8CCE-492111E13502}.Release|Any CPU.Build.0 = Release|Any CPU
	EndGlobalSection
	GlobalSection(SolutionProperties) = preSolution
		HideSolutionNode = FALSE
	EndGlobalSection
	GlobalSection(ExtensibilityGlobals) = postSolution
		SolutionGuid = {EEF73929-8730-4A62-847D-29128682DDEA}
	EndGlobalSection
EndGlobal
